// !$*UTF8*$!
{
	archiveVersion = 1;
	classes = {
	};
	objectVersion = 56;
	objects = {

/* Begin PBXBuildFile section */
		AF3A78DF29ECE38100183CC3 /* SecondaryViewController.swift in Sources */ = {isa = PBXBuildFile; fileRef = AF3A78DE29ECE38100183CC3 /* SecondaryViewController.swift */; };
		AF3A78E129ECE84900183CC3 /* CustomBarController.swift in Sources */ = {isa = PBXBuildFile; fileRef = AF3A78E029ECE84900183CC3 /* CustomBarController.swift */; };
		AF44777629F50BD50030C2C8 /* KolesaViewController.swift in Sources */ = {isa = PBXBuildFile; fileRef = AF44777529F50BD50030C2C8 /* KolesaViewController.swift */; };
		AF5354F329F894B400D6B328 /* Main.storyboard in Resources */ = {isa = PBXBuildFile; fileRef = AF5354F229F894B400D6B328 /* Main.storyboard */; };
		AF5354FC29F89E2200D6B328 /* PlaceViewController.swift in Sources */ = {isa = PBXBuildFile; fileRef = AF5354FB29F89E2200D6B328 /* PlaceViewController.swift */; };
		AF71D8E829EFC2E60082DA16 /* TimeViewCell.swift in Sources */ = {isa = PBXBuildFile; fileRef = AF71D8E729EFC2E60082DA16 /* TimeViewCell.swift */; };
		AF9485D529F5463800B96921 /* AyatData.swift in Sources */ = {isa = PBXBuildFile; fileRef = AF9485D429F5463800B96921 /* AyatData.swift */; };
		AF9485D729F5469600B96921 /* AyatManager.swift in Sources */ = {isa = PBXBuildFile; fileRef = AF9485D629F5469600B96921 /* AyatManager.swift */; };
		AF9485D929F5491B00B96921 /* Ayat.swift in Sources */ = {isa = PBXBuildFile; fileRef = AF9485D829F5491B00B96921 /* Ayat.swift */; };
		AF9772BE29EBF0B000AB81CE /* AppDelegate.swift in Sources */ = {isa = PBXBuildFile; fileRef = AF9772BD29EBF0B000AB81CE /* AppDelegate.swift */; };
		AF9772C029EBF0B000AB81CE /* SceneDelegate.swift in Sources */ = {isa = PBXBuildFile; fileRef = AF9772BF29EBF0B000AB81CE /* SceneDelegate.swift */; };
		AF9772C229EBF0B000AB81CE /* ViewController.swift in Sources */ = {isa = PBXBuildFile; fileRef = AF9772C129EBF0B000AB81CE /* ViewController.swift */; };
		AF9772C729EBF0B100AB81CE /* Assets.xcassets in Resources */ = {isa = PBXBuildFile; fileRef = AF9772C629EBF0B100AB81CE /* Assets.xcassets */; };
		AF9772CA29EBF0B100AB81CE /* LaunchScreen.storyboard in Resources */ = {isa = PBXBuildFile; fileRef = AF9772C829EBF0B100AB81CE /* LaunchScreen.storyboard */; };
		AFA109BD29FE282300415A2D /* InfoViewCell.swift in Sources */ = {isa = PBXBuildFile; fileRef = AFA109BC29FE282300415A2D /* InfoViewCell.swift */; };
		AFA3BC1D29EBFF0700872414 /* Prayer.swift in Sources */ = {isa = PBXBuildFile; fileRef = AFA3BC1C29EBFF0700872414 /* Prayer.swift */; };
		AFA3BC1F29EC136600872414 /* PrayerModel.swift in Sources */ = {isa = PBXBuildFile; fileRef = AFA3BC1E29EC136600872414 /* PrayerModel.swift */; };
		AFA3BC2129EC15ED00872414 /* TimeManager.swift in Sources */ = {isa = PBXBuildFile; fileRef = AFA3BC2029EC15ED00872414 /* TimeManager.swift */; };
		AFD4CF5129F021BD00A5CEFA /* CF.swift in Sources */ = {isa = PBXBuildFile; fileRef = AFD4CF5029F021BD00A5CEFA /* CF.swift */; };
		AFECDCC229FB356C00BD84EA /* Guide.swift in Sources */ = {isa = PBXBuildFile; fileRef = AFECDCC129FB356C00BD84EA /* Guide.swift */; };
		AFECDCC629FB397700BD84EA /* PlaceViewCell.swift in Sources */ = {isa = PBXBuildFile; fileRef = AFECDCC429FB397700BD84EA /* PlaceViewCell.swift */; };
		AFECDCC729FB397700BD84EA /* PlaceViewCell.xib in Resources */ = {isa = PBXBuildFile; fileRef = AFECDCC529FB397700BD84EA /* PlaceViewCell.xib */; };
		AFECDCCA29FB44E800BD84EA /* GroupViewCell.swift in Sources */ = {isa = PBXBuildFile; fileRef = AFECDCC829FB44E800BD84EA /* GroupViewCell.swift */; };
		AFECDCCB29FB44E800BD84EA /* GroupViewCell.xib in Resources */ = {isa = PBXBuildFile; fileRef = AFECDCC929FB44E800BD84EA /* GroupViewCell.xib */; };
		AFECDCCE29FB511A00BD84EA /* CatogoryPlaceViewCell.swift in Sources */ = {isa = PBXBuildFile; fileRef = AFECDCCC29FB511A00BD84EA /* CatogoryPlaceViewCell.swift */; };
		AFECDCCF29FB511A00BD84EA /* CatogoryPlaceViewCell.xib in Resources */ = {isa = PBXBuildFile; fileRef = AFECDCCD29FB511A00BD84EA /* CatogoryPlaceViewCell.xib */; };
		AFECDCD629FB75A700BD84EA /* PlacesCell.swift in Sources */ = {isa = PBXBuildFile; fileRef = AFECDCD429FB75A700BD84EA /* PlacesCell.swift */; };
		AFECDCD729FB75A700BD84EA /* PlacesCell.xib in Resources */ = {isa = PBXBuildFile; fileRef = AFECDCD529FB75A700BD84EA /* PlacesCell.xib */; };
		AFECDCD929FB853100BD84EA /* DetailViewController.swift in Sources */ = {isa = PBXBuildFile; fileRef = AFECDCD829FB853100BD84EA /* DetailViewController.swift */; };
		AFEF4E5F29FE758D006F006E /* EventsCell.swift in Sources */ = {isa = PBXBuildFile; fileRef = AFEF4E5D29FE758D006F006E /* EventsCell.swift */; };
		AFEF4E6029FE758D006F006E /* EventsCell.xib in Resources */ = {isa = PBXBuildFile; fileRef = AFEF4E5E29FE758D006F006E /* EventsCell.xib */; };
		AFEF4E6229FE7A94006F006E /* EventDeatilViewController.swift in Sources */ = {isa = PBXBuildFile; fileRef = AFEF4E6129FE7A94006F006E /* EventDeatilViewController.swift */; };
		AFFD46442A14C8FF002672CF /* PlaceLocationViewCell.swift in Sources */ = {isa = PBXBuildFile; fileRef = AFFD46432A14C8FF002672CF /* PlaceLocationViewCell.swift */; };
		AFFD46462A14CA16002672CF /* DetailMapViewCell.swift in Sources */ = {isa = PBXBuildFile; fileRef = AFFD46452A14CA16002672CF /* DetailMapViewCell.swift */; };
		AFFD46482A14CEFD002672CF /* FullMapViewController.swift in Sources */ = {isa = PBXBuildFile; fileRef = AFFD46472A14CEFD002672CF /* FullMapViewController.swift */; };
/* End PBXBuildFile section */

/* Begin PBXFileReference section */
		AF3A78DE29ECE38100183CC3 /* SecondaryViewController.swift */ = {isa = PBXFileReference; lastKnownFileType = sourcecode.swift; path = SecondaryViewController.swift; sourceTree = "<group>"; };
		AF3A78E029ECE84900183CC3 /* CustomBarController.swift */ = {isa = PBXFileReference; lastKnownFileType = sourcecode.swift; path = CustomBarController.swift; sourceTree = "<group>"; };
		AF44777529F50BD50030C2C8 /* KolesaViewController.swift */ = {isa = PBXFileReference; lastKnownFileType = sourcecode.swift; path = KolesaViewController.swift; sourceTree = "<group>"; };
		AF5354F229F894B400D6B328 /* Main.storyboard */ = {isa = PBXFileReference; fileEncoding = 4; lastKnownFileType = file.storyboard; path = Main.storyboard; sourceTree = "<group>"; };
		AF5354FB29F89E2200D6B328 /* PlaceViewController.swift */ = {isa = PBXFileReference; lastKnownFileType = sourcecode.swift; path = PlaceViewController.swift; sourceTree = "<group>"; };
		AF71D8E729EFC2E60082DA16 /* TimeViewCell.swift */ = {isa = PBXFileReference; lastKnownFileType = sourcecode.swift; path = TimeViewCell.swift; sourceTree = "<group>"; };
		AF9485D429F5463800B96921 /* AyatData.swift */ = {isa = PBXFileReference; lastKnownFileType = sourcecode.swift; path = AyatData.swift; sourceTree = "<group>"; };
		AF9485D629F5469600B96921 /* AyatManager.swift */ = {isa = PBXFileReference; lastKnownFileType = sourcecode.swift; path = AyatManager.swift; sourceTree = "<group>"; };
		AF9485D829F5491B00B96921 /* Ayat.swift */ = {isa = PBXFileReference; lastKnownFileType = sourcecode.swift; path = Ayat.swift; sourceTree = "<group>"; };
		AF9772BA29EBF0B000AB81CE /* UmmahPray.app */ = {isa = PBXFileReference; explicitFileType = wrapper.application; includeInIndex = 0; path = UmmahPray.app; sourceTree = BUILT_PRODUCTS_DIR; };
		AF9772BD29EBF0B000AB81CE /* AppDelegate.swift */ = {isa = PBXFileReference; lastKnownFileType = sourcecode.swift; path = AppDelegate.swift; sourceTree = "<group>"; };
		AF9772BF29EBF0B000AB81CE /* SceneDelegate.swift */ = {isa = PBXFileReference; lastKnownFileType = sourcecode.swift; path = SceneDelegate.swift; sourceTree = "<group>"; };
		AF9772C129EBF0B000AB81CE /* ViewController.swift */ = {isa = PBXFileReference; lastKnownFileType = sourcecode.swift; path = ViewController.swift; sourceTree = "<group>"; };
		AF9772C629EBF0B100AB81CE /* Assets.xcassets */ = {isa = PBXFileReference; lastKnownFileType = folder.assetcatalog; path = Assets.xcassets; sourceTree = "<group>"; };
		AF9772C929EBF0B100AB81CE /* Base */ = {isa = PBXFileReference; lastKnownFileType = file.storyboard; name = Base; path = Base.lproj/LaunchScreen.storyboard; sourceTree = "<group>"; };
		AF9772CB29EBF0B100AB81CE /* Info.plist */ = {isa = PBXFileReference; lastKnownFileType = text.plist.xml; path = Info.plist; sourceTree = "<group>"; };
		AFA109BC29FE282300415A2D /* InfoViewCell.swift */ = {isa = PBXFileReference; lastKnownFileType = sourcecode.swift; path = InfoViewCell.swift; sourceTree = "<group>"; };
		AFA3BC1C29EBFF0700872414 /* Prayer.swift */ = {isa = PBXFileReference; lastKnownFileType = sourcecode.swift; path = Prayer.swift; sourceTree = "<group>"; };
		AFA3BC1E29EC136600872414 /* PrayerModel.swift */ = {isa = PBXFileReference; lastKnownFileType = sourcecode.swift; path = PrayerModel.swift; sourceTree = "<group>"; };
		AFA3BC2029EC15ED00872414 /* TimeManager.swift */ = {isa = PBXFileReference; lastKnownFileType = sourcecode.swift; path = TimeManager.swift; sourceTree = "<group>"; };
		AFD4CF5029F021BD00A5CEFA /* CF.swift */ = {isa = PBXFileReference; lastKnownFileType = sourcecode.swift; path = CF.swift; sourceTree = "<group>"; };
		AFECDCC129FB356C00BD84EA /* Guide.swift */ = {isa = PBXFileReference; lastKnownFileType = sourcecode.swift; path = Guide.swift; sourceTree = "<group>"; };
		AFECDCC429FB397700BD84EA /* PlaceViewCell.swift */ = {isa = PBXFileReference; lastKnownFileType = sourcecode.swift; path = PlaceViewCell.swift; sourceTree = "<group>"; };
		AFECDCC529FB397700BD84EA /* PlaceViewCell.xib */ = {isa = PBXFileReference; lastKnownFileType = file.xib; path = PlaceViewCell.xib; sourceTree = "<group>"; };
		AFECDCC829FB44E800BD84EA /* GroupViewCell.swift */ = {isa = PBXFileReference; lastKnownFileType = sourcecode.swift; path = GroupViewCell.swift; sourceTree = "<group>"; };
		AFECDCC929FB44E800BD84EA /* GroupViewCell.xib */ = {isa = PBXFileReference; lastKnownFileType = file.xib; path = GroupViewCell.xib; sourceTree = "<group>"; };
		AFECDCCC29FB511A00BD84EA /* CatogoryPlaceViewCell.swift */ = {isa = PBXFileReference; lastKnownFileType = sourcecode.swift; path = CatogoryPlaceViewCell.swift; sourceTree = "<group>"; };
		AFECDCCD29FB511A00BD84EA /* CatogoryPlaceViewCell.xib */ = {isa = PBXFileReference; lastKnownFileType = file.xib; path = CatogoryPlaceViewCell.xib; sourceTree = "<group>"; };
		AFECDCD429FB75A700BD84EA /* PlacesCell.swift */ = {isa = PBXFileReference; lastKnownFileType = sourcecode.swift; path = PlacesCell.swift; sourceTree = "<group>"; };
		AFECDCD529FB75A700BD84EA /* PlacesCell.xib */ = {isa = PBXFileReference; lastKnownFileType = file.xib; path = PlacesCell.xib; sourceTree = "<group>"; };
		AFECDCD829FB853100BD84EA /* DetailViewController.swift */ = {isa = PBXFileReference; lastKnownFileType = sourcecode.swift; path = DetailViewController.swift; sourceTree = "<group>"; };
		AFEF4E5D29FE758D006F006E /* EventsCell.swift */ = {isa = PBXFileReference; lastKnownFileType = sourcecode.swift; path = EventsCell.swift; sourceTree = "<group>"; };
		AFEF4E5E29FE758D006F006E /* EventsCell.xib */ = {isa = PBXFileReference; lastKnownFileType = file.xib; path = EventsCell.xib; sourceTree = "<group>"; };
		AFEF4E6129FE7A94006F006E /* EventDeatilViewController.swift */ = {isa = PBXFileReference; lastKnownFileType = sourcecode.swift; path = EventDeatilViewController.swift; sourceTree = "<group>"; };
		AFFD46432A14C8FF002672CF /* PlaceLocationViewCell.swift */ = {isa = PBXFileReference; lastKnownFileType = sourcecode.swift; path = PlaceLocationViewCell.swift; sourceTree = "<group>"; };
		AFFD46452A14CA16002672CF /* DetailMapViewCell.swift */ = {isa = PBXFileReference; lastKnownFileType = sourcecode.swift; path = DetailMapViewCell.swift; sourceTree = "<group>"; };
		AFFD46472A14CEFD002672CF /* FullMapViewController.swift */ = {isa = PBXFileReference; lastKnownFileType = sourcecode.swift; path = FullMapViewController.swift; sourceTree = "<group>"; };
/* End PBXFileReference section */

/* Begin PBXFrameworksBuildPhase section */
		AF9772B729EBF0B000AB81CE /* Frameworks */ = {
			isa = PBXFrameworksBuildPhase;
			buildActionMask = 2147483647;
			files = (
			);
			runOnlyForDeploymentPostprocessing = 0;
		};
/* End PBXFrameworksBuildPhase section */

/* Begin PBXGroup section */
		AF9772B129EBF0B000AB81CE = {
			isa = PBXGroup;
			children = (
				AF9772BC29EBF0B000AB81CE /* sajdaApp */,
				AF9772BB29EBF0B000AB81CE /* Products */,
			);
			sourceTree = "<group>";
		};
		AF9772BB29EBF0B000AB81CE /* Products */ = {
			isa = PBXGroup;
			children = (
				AF9772BA29EBF0B000AB81CE /* UmmahPray.app */,
			);
			name = Products;
			sourceTree = "<group>";
		};
		AF9772BC29EBF0B000AB81CE /* sajdaApp */ = {
			isa = PBXGroup;
			children = (
				AF9772BF29EBF0B000AB81CE /* SceneDelegate.swift */,
				AF9772BD29EBF0B000AB81CE /* AppDelegate.swift */,
				AF9772CB29EBF0B100AB81CE /* Info.plist */,
				AF9772C629EBF0B100AB81CE /* Assets.xcassets */,
				AF9772D429EBF0F100AB81CE /* SecondaryFiles */,
				AF9772D329EBF0E700AB81CE /* Controller */,
				AF9772D229EBF0E200AB81CE /* View */,
				AF9772D129EBF0CF00AB81CE /* Model */,
			);
			path = sajdaApp;
			sourceTree = "<group>";
		};
		AF9772D129EBF0CF00AB81CE /* Model */ = {
			isa = PBXGroup;
			children = (
				AFA3BC1C29EBFF0700872414 /* Prayer.swift */,
				AFA3BC1E29EC136600872414 /* PrayerModel.swift */,
				AFA3BC2029EC15ED00872414 /* TimeManager.swift */,
				AF9485D429F5463800B96921 /* AyatData.swift */,
				AF9485D829F5491B00B96921 /* Ayat.swift */,
				AF9485D629F5469600B96921 /* AyatManager.swift */,
				AFECDCC129FB356C00BD84EA /* Guide.swift */,
			);
			path = Model;
			sourceTree = "<group>";
		};
		AF9772D229EBF0E200AB81CE /* View */ = {
			isa = PBXGroup;
			children = (
				AFECDCC329FB395700BD84EA /* Cells */,
				AF5354F229F894B400D6B328 /* Main.storyboard */,
			);
			path = View;
			sourceTree = "<group>";
		};
		AF9772D329EBF0E700AB81CE /* Controller */ = {
			isa = PBXGroup;
			children = (
				AF3A78E029ECE84900183CC3 /* CustomBarController.swift */,
				AF9772C129EBF0B000AB81CE /* ViewController.swift */,
				AF44777529F50BD50030C2C8 /* KolesaViewController.swift */,
				AF3A78DE29ECE38100183CC3 /* SecondaryViewController.swift */,
				AF5354FB29F89E2200D6B328 /* PlaceViewController.swift */,
				AFECDCD829FB853100BD84EA /* DetailViewController.swift */,
				AFEF4E6129FE7A94006F006E /* EventDeatilViewController.swift */,
				AFFD46472A14CEFD002672CF /* FullMapViewController.swift */,
			);
			path = Controller;
			sourceTree = "<group>";
		};
		AF9772D429EBF0F100AB81CE /* SecondaryFiles */ = {
			isa = PBXGroup;
			children = (
				AF9772C829EBF0B100AB81CE /* LaunchScreen.storyboard */,
				AFD4CF5029F021BD00A5CEFA /* CF.swift */,
			);
			path = SecondaryFiles;
			sourceTree = "<group>";
		};
		AFECDCC329FB395700BD84EA /* Cells */ = {
			isa = PBXGroup;
			children = (
				AF71D8E729EFC2E60082DA16 /* TimeViewCell.swift */,
				AFECDCC429FB397700BD84EA /* PlaceViewCell.swift */,
				AFECDCC529FB397700BD84EA /* PlaceViewCell.xib */,
				AFECDCC829FB44E800BD84EA /* GroupViewCell.swift */,
				AFECDCC929FB44E800BD84EA /* GroupViewCell.xib */,
				AFECDCCC29FB511A00BD84EA /* CatogoryPlaceViewCell.swift */,
				AFECDCCD29FB511A00BD84EA /* CatogoryPlaceViewCell.xib */,
				AFECDCD429FB75A700BD84EA /* PlacesCell.swift */,
				AFECDCD529FB75A700BD84EA /* PlacesCell.xib */,
				AFA109BC29FE282300415A2D /* InfoViewCell.swift */,
				AFEF4E5D29FE758D006F006E /* EventsCell.swift */,
				AFEF4E5E29FE758D006F006E /* EventsCell.xib */,
				AFFD46432A14C8FF002672CF /* PlaceLocationViewCell.swift */,
				AFFD46452A14CA16002672CF /* DetailMapViewCell.swift */,
			);
			path = Cells;
			sourceTree = "<group>";
		};
/* End PBXGroup section */

/* Begin PBXNativeTarget section */
		AF9772B929EBF0B000AB81CE /* UmmahPray */ = {
			isa = PBXNativeTarget;
			buildConfigurationList = AF9772CE29EBF0B100AB81CE /* Build configuration list for PBXNativeTarget "UmmahPray" */;
			buildPhases = (
				AF9772B629EBF0B000AB81CE /* Sources */,
				AF9772B729EBF0B000AB81CE /* Frameworks */,
				AF9772B829EBF0B000AB81CE /* Resources */,
			);
			buildRules = (
			);
			dependencies = (
			);
			name = UmmahPray;
			productName = sajdaApp;
			productReference = AF9772BA29EBF0B000AB81CE /* UmmahPray.app */;
			productType = "com.apple.product-type.application";
		};
/* End PBXNativeTarget section */

/* Begin PBXProject section */
		AF9772B229EBF0B000AB81CE /* Project object */ = {
			isa = PBXProject;
			attributes = {
				BuildIndependentTargetsInParallel = 1;
				LastSwiftUpdateCheck = 1430;
				LastUpgradeCheck = 1430;
				TargetAttributes = {
					AF9772B929EBF0B000AB81CE = {
						CreatedOnToolsVersion = 14.3;
					};
				};
			};
			buildConfigurationList = AF9772B529EBF0B000AB81CE /* Build configuration list for PBXProject "UmmahPray" */;
			compatibilityVersion = "Xcode 14.0";
			developmentRegion = en;
			hasScannedForEncodings = 0;
			knownRegions = (
				en,
				Base,
			);
			mainGroup = AF9772B129EBF0B000AB81CE;
			productRefGroup = AF9772BB29EBF0B000AB81CE /* Products */;
			projectDirPath = "";
			projectRoot = "";
			targets = (
				AF9772B929EBF0B000AB81CE /* UmmahPray */,
			);
		};
/* End PBXProject section */

/* Begin PBXResourcesBuildPhase section */
		AF9772B829EBF0B000AB81CE /* Resources */ = {
			isa = PBXResourcesBuildPhase;
			buildActionMask = 2147483647;
			files = (
				AFECDCCB29FB44E800BD84EA /* GroupViewCell.xib in Resources */,
				AF5354F329F894B400D6B328 /* Main.storyboard in Resources */,
				AFECDCD729FB75A700BD84EA /* PlacesCell.xib in Resources */,
				AF9772CA29EBF0B100AB81CE /* LaunchScreen.storyboard in Resources */,
				AFEF4E6029FE758D006F006E /* EventsCell.xib in Resources */,
				AFECDCC729FB397700BD84EA /* PlaceViewCell.xib in Resources */,
				AFECDCCF29FB511A00BD84EA /* CatogoryPlaceViewCell.xib in Resources */,
				AF9772C729EBF0B100AB81CE /* Assets.xcassets in Resources */,
			);
			runOnlyForDeploymentPostprocessing = 0;
		};
/* End PBXResourcesBuildPhase section */

/* Begin PBXSourcesBuildPhase section */
		AF9772B629EBF0B000AB81CE /* Sources */ = {
			isa = PBXSourcesBuildPhase;
			buildActionMask = 2147483647;
			files = (
				AF5354FC29F89E2200D6B328 /* PlaceViewController.swift in Sources */,
				AFECDCC629FB397700BD84EA /* PlaceViewCell.swift in Sources */,
				AF3A78E129ECE84900183CC3 /* CustomBarController.swift in Sources */,
				AF9485D529F5463800B96921 /* AyatData.swift in Sources */,
				AF44777629F50BD50030C2C8 /* KolesaViewController.swift in Sources */,
				AF9485D929F5491B00B96921 /* Ayat.swift in Sources */,
				AFEF4E6229FE7A94006F006E /* EventDeatilViewController.swift in Sources */,
				AFECDCD929FB853100BD84EA /* DetailViewController.swift in Sources */,
				AFA3BC1F29EC136600872414 /* PrayerModel.swift in Sources */,
				AFECDCD629FB75A700BD84EA /* PlacesCell.swift in Sources */,
				AF9772C229EBF0B000AB81CE /* ViewController.swift in Sources */,
				AFFD46442A14C8FF002672CF /* PlaceLocationViewCell.swift in Sources */,
				AFECDCCE29FB511A00BD84EA /* CatogoryPlaceViewCell.swift in Sources */,
				AFD4CF5129F021BD00A5CEFA /* CF.swift in Sources */,
				AFFD46482A14CEFD002672CF /* FullMapViewController.swift in Sources */,
				AFA109BD29FE282300415A2D /* InfoViewCell.swift in Sources */,
				AF9485D729F5469600B96921 /* AyatManager.swift in Sources */,
				AFA3BC2129EC15ED00872414 /* TimeManager.swift in Sources */,
				AFECDCC229FB356C00BD84EA /* Guide.swift in Sources */,
				AF9772BE29EBF0B000AB81CE /* AppDelegate.swift in Sources */,
				AFEF4E5F29FE758D006F006E /* EventsCell.swift in Sources */,
				AFFD46462A14CA16002672CF /* DetailMapViewCell.swift in Sources */,
				AF71D8E829EFC2E60082DA16 /* TimeViewCell.swift in Sources */,
				AFECDCCA29FB44E800BD84EA /* GroupViewCell.swift in Sources */,
				AFA3BC1D29EBFF0700872414 /* Prayer.swift in Sources */,
				AF9772C029EBF0B000AB81CE /* SceneDelegate.swift in Sources */,
				AF3A78DF29ECE38100183CC3 /* SecondaryViewController.swift in Sources */,
			);
			runOnlyForDeploymentPostprocessing = 0;
		};
/* End PBXSourcesBuildPhase section */

/* Begin PBXVariantGroup section */
		AF9772C829EBF0B100AB81CE /* LaunchScreen.storyboard */ = {
			isa = PBXVariantGroup;
			children = (
				AF9772C929EBF0B100AB81CE /* Base */,
			);
			name = LaunchScreen.storyboard;
			sourceTree = "<group>";
		};
/* End PBXVariantGroup section */

/* Begin XCBuildConfiguration section */
		AF9772CC29EBF0B100AB81CE /* Debug */ = {
			isa = XCBuildConfiguration;
			buildSettings = {
				ALWAYS_SEARCH_USER_PATHS = NO;
				CLANG_ANALYZER_NONNULL = YES;
				CLANG_ANALYZER_NUMBER_OBJECT_CONVERSION = YES_AGGRESSIVE;
				CLANG_CXX_LANGUAGE_STANDARD = "gnu++20";
				CLANG_ENABLE_MODULES = YES;
				CLANG_ENABLE_OBJC_ARC = YES;
				CLANG_ENABLE_OBJC_WEAK = YES;
				CLANG_WARN_BLOCK_CAPTURE_AUTORELEASING = YES;
				CLANG_WARN_BOOL_CONVERSION = YES;
				CLANG_WARN_COMMA = YES;
				CLANG_WARN_CONSTANT_CONVERSION = YES;
				CLANG_WARN_DEPRECATED_OBJC_IMPLEMENTATIONS = YES;
				CLANG_WARN_DIRECT_OBJC_ISA_USAGE = YES_ERROR;
				CLANG_WARN_DOCUMENTATION_COMMENTS = YES;
				CLANG_WARN_EMPTY_BODY = YES;
				CLANG_WARN_ENUM_CONVERSION = YES;
				CLANG_WARN_INFINITE_RECURSION = YES;
				CLANG_WARN_INT_CONVERSION = YES;
				CLANG_WARN_NON_LITERAL_NULL_CONVERSION = YES;
				CLANG_WARN_OBJC_IMPLICIT_RETAIN_SELF = YES;
				CLANG_WARN_OBJC_LITERAL_CONVERSION = YES;
				CLANG_WARN_OBJC_ROOT_CLASS = YES_ERROR;
				CLANG_WARN_QUOTED_INCLUDE_IN_FRAMEWORK_HEADER = YES;
				CLANG_WARN_RANGE_LOOP_ANALYSIS = YES;
				CLANG_WARN_STRICT_PROTOTYPES = YES;
				CLANG_WARN_SUSPICIOUS_MOVE = YES;
				CLANG_WARN_UNGUARDED_AVAILABILITY = YES_AGGRESSIVE;
				CLANG_WARN_UNREACHABLE_CODE = YES;
				CLANG_WARN__DUPLICATE_METHOD_MATCH = YES;
				COPY_PHASE_STRIP = NO;
				DEBUG_INFORMATION_FORMAT = dwarf;
				ENABLE_STRICT_OBJC_MSGSEND = YES;
				ENABLE_TESTABILITY = YES;
				GCC_C_LANGUAGE_STANDARD = gnu11;
				GCC_DYNAMIC_NO_PIC = NO;
				GCC_NO_COMMON_BLOCKS = YES;
				GCC_OPTIMIZATION_LEVEL = 0;
				GCC_PREPROCESSOR_DEFINITIONS = (
					"DEBUG=1",
					"$(inherited)",
				);
				GCC_WARN_64_TO_32_BIT_CONVERSION = YES;
				GCC_WARN_ABOUT_RETURN_TYPE = YES_ERROR;
				GCC_WARN_UNDECLARED_SELECTOR = YES;
				GCC_WARN_UNINITIALIZED_AUTOS = YES_AGGRESSIVE;
				GCC_WARN_UNUSED_FUNCTION = YES;
				GCC_WARN_UNUSED_VARIABLE = YES;
				IPHONEOS_DEPLOYMENT_TARGET = 16.4;
				MTL_ENABLE_DEBUG_INFO = INCLUDE_SOURCE;
				MTL_FAST_MATH = YES;
				ONLY_ACTIVE_ARCH = YES;
				SDKROOT = iphoneos;
				SWIFT_ACTIVE_COMPILATION_CONDITIONS = DEBUG;
				SWIFT_OPTIMIZATION_LEVEL = "-Onone";
			};
			name = Debug;
		};
		AF9772CD29EBF0B100AB81CE /* Release */ = {
			isa = XCBuildConfiguration;
			buildSettings = {
				ALWAYS_SEARCH_USER_PATHS = NO;
				CLANG_ANALYZER_NONNULL = YES;
				CLANG_ANALYZER_NUMBER_OBJECT_CONVERSION = YES_AGGRESSIVE;
				CLANG_CXX_LANGUAGE_STANDARD = "gnu++20";
				CLANG_ENABLE_MODULES = YES;
				CLANG_ENABLE_OBJC_ARC = YES;
				CLANG_ENABLE_OBJC_WEAK = YES;
				CLANG_WARN_BLOCK_CAPTURE_AUTORELEASING = YES;
				CLANG_WARN_BOOL_CONVERSION = YES;
				CLANG_WARN_COMMA = YES;
				CLANG_WARN_CONSTANT_CONVERSION = YES;
				CLANG_WARN_DEPRECATED_OBJC_IMPLEMENTATIONS = YES;
				CLANG_WARN_DIRECT_OBJC_ISA_USAGE = YES_ERROR;
				CLANG_WARN_DOCUMENTATION_COMMENTS = YES;
				CLANG_WARN_EMPTY_BODY = YES;
				CLANG_WARN_ENUM_CONVERSION = YES;
				CLANG_WARN_INFINITE_RECURSION = YES;
				CLANG_WARN_INT_CONVERSION = YES;
				CLANG_WARN_NON_LITERAL_NULL_CONVERSION = YES;
				CLANG_WARN_OBJC_IMPLICIT_RETAIN_SELF = YES;
				CLANG_WARN_OBJC_LITERAL_CONVERSION = YES;
				CLANG_WARN_OBJC_ROOT_CLASS = YES_ERROR;
				CLANG_WARN_QUOTED_INCLUDE_IN_FRAMEWORK_HEADER = YES;
				CLANG_WARN_RANGE_LOOP_ANALYSIS = YES;
				CLANG_WARN_STRICT_PROTOTYPES = YES;
				CLANG_WARN_SUSPICIOUS_MOVE = YES;
				CLANG_WARN_UNGUARDED_AVAILABILITY = YES_AGGRESSIVE;
				CLANG_WARN_UNREACHABLE_CODE = YES;
				CLANG_WARN__DUPLICATE_METHOD_MATCH = YES;
				COPY_PHASE_STRIP = NO;
				DEBUG_INFORMATION_FORMAT = "dwarf-with-dsym";
				ENABLE_NS_ASSERTIONS = NO;
				ENABLE_STRICT_OBJC_MSGSEND = YES;
				GCC_C_LANGUAGE_STANDARD = gnu11;
				GCC_NO_COMMON_BLOCKS = YES;
				GCC_WARN_64_TO_32_BIT_CONVERSION = YES;
				GCC_WARN_ABOUT_RETURN_TYPE = YES_ERROR;
				GCC_WARN_UNDECLARED_SELECTOR = YES;
				GCC_WARN_UNINITIALIZED_AUTOS = YES_AGGRESSIVE;
				GCC_WARN_UNUSED_FUNCTION = YES;
				GCC_WARN_UNUSED_VARIABLE = YES;
				IPHONEOS_DEPLOYMENT_TARGET = 16.4;
				MTL_ENABLE_DEBUG_INFO = NO;
				MTL_FAST_MATH = YES;
				SDKROOT = iphoneos;
				SWIFT_COMPILATION_MODE = wholemodule;
				SWIFT_OPTIMIZATION_LEVEL = "-O";
				VALIDATE_PRODUCT = YES;
			};
			name = Release;
		};
		AF9772CF29EBF0B100AB81CE /* Debug */ = {
			isa = XCBuildConfiguration;
			buildSettings = {
				ASSETCATALOG_COMPILER_APPICON_NAME = AppIcon;
				ASSETCATALOG_COMPILER_GLOBAL_ACCENT_COLOR_NAME = AccentColor;
				CODE_SIGN_STYLE = Automatic;
				CURRENT_PROJECT_VERSION = 1;
				DEVELOPMENT_TEAM = 3QS748535C;
				GENERATE_INFOPLIST_FILE = YES;
				INFOPLIST_FILE = sajdaApp/Info.plist;
				INFOPLIST_KEY_CFBundleDisplayName = UmmahPray;
				INFOPLIST_KEY_LSApplicationCategoryType = "public.app-category.lifestyle";
				INFOPLIST_KEY_NSLocationWhenInUseUsageDescription = "";
				INFOPLIST_KEY_UIApplicationSupportsIndirectInputEvents = YES;
				INFOPLIST_KEY_UILaunchStoryboardName = LaunchScreen;
				INFOPLIST_KEY_UIMainStoryboardFile = Main;
				INFOPLIST_KEY_UISupportedInterfaceOrientations = UIInterfaceOrientationPortrait;
				LD_RUNPATH_SEARCH_PATHS = (
					"$(inherited)",
					"@executable_path/Frameworks",
				);
				MARKETING_VERSION = 1.0;
				PRODUCT_BUNDLE_IDENTIFIER = ns.apps.sajda.sajdaApp;
				PRODUCT_NAME = "$(TARGET_NAME)";
				SWIFT_EMIT_LOC_STRINGS = YES;
				SWIFT_VERSION = 5.0;
				TARGETED_DEVICE_FAMILY = "1,2";
			};
			name = Debug;
		};
		AF9772D029EBF0B100AB81CE /* Release */ = {
			isa = XCBuildConfiguration;
			buildSettings = {
				ASSETCATALOG_COMPILER_APPICON_NAME = AppIcon;
				ASSETCATALOG_COMPILER_GLOBAL_ACCENT_COLOR_NAME = AccentColor;
				CODE_SIGN_STYLE = Automatic;
				CURRENT_PROJECT_VERSION = 1;
				DEVELOPMENT_TEAM = 3QS748535C;
				GENERATE_INFOPLIST_FILE = YES;
				INFOPLIST_FILE = sajdaApp/Info.plist;
				INFOPLIST_KEY_CFBundleDisplayName = UmmahPray;
				INFOPLIST_KEY_LSApplicationCategoryType = "public.app-category.lifestyle";
				INFOPLIST_KEY_NSLocationWhenInUseUsageDescription = "";
				INFOPLIST_KEY_UIApplicationSupportsIndirectInputEvents = YES;
				INFOPLIST_KEY_UILaunchStoryboardName = LaunchScreen;
				INFOPLIST_KEY_UIMainStoryboardFile = Main;
				INFOPLIST_KEY_UISupportedInterfaceOrientations = UIInterfaceOrientationPortrait;
				LD_RUNPATH_SEARCH_PATHS = (
					"$(inherited)",
					"@executable_path/Frameworks",
				);
				MARKETING_VERSION = 1.0;
				PRODUCT_BUNDLE_IDENTIFIER = ns.apps.sajda.sajdaApp;
				PRODUCT_NAME = "$(TARGET_NAME)";
				SWIFT_EMIT_LOC_STRINGS = YES;
				SWIFT_VERSION = 5.0;
				TARGETED_DEVICE_FAMILY = "1,2";
			};
			name = Release;
		};
/* End XCBuildConfiguration section */

/* Begin XCConfigurationList section */
		AF9772B529EBF0B000AB81CE /* Build configuration list for PBXProject "UmmahPray" */ = {
			isa = XCConfigurationList;
			buildConfigurations = (
				AF9772CC29EBF0B100AB81CE /* Debug */,
				AF9772CD29EBF0B100AB81CE /* Release */,
			);
			defaultConfigurationIsVisible = 0;
			defaultConfigurationName = Release;
		};
		AF9772CE29EBF0B100AB81CE /* Build configuration list for PBXNativeTarget "UmmahPray" */ = {
			isa = XCConfigurationList;
			buildConfigurations = (
				AF9772CF29EBF0B100AB81CE /* Debug */,
				AF9772D029EBF0B100AB81CE /* Release */,
			);
			defaultConfigurationIsVisible = 0;
			defaultConfigurationName = Release;
		};
/* End XCConfigurationList section */
	};
	rootObject = AF9772B229EBF0B000AB81CE /* Project object */;
}
